{
	"name": "insomnia-plugin-postman-export",
	"version": "0.8.1",
	"lockfileVersion": 1,
	"requires": true,
	"dependencies": {
		"mkdirp": {
			"version": "1.0.4",
			"resolved": "https://registry.npmjs.org/mkdirp/-/mkdirp-1.0.4.tgz",
			"integrity": "sha512-vVqVZQyf3WLx2Shd0qJ9xuvqgAyKPLAiqITEtqW0oIUjzo3PePDd6fW9iFz30ef7Ysp/oiWqbhszeGWW2T6Gzw=="
		},
		"slugify": {
			"version": "1.6.0",
			"resolved": "https://registry.npmjs.org/slugify/-/slugify-1.6.0.tgz",
			"integrity": "sha512-FkMq+MQc5hzYgM86nLuHI98Acwi3p4wX+a5BO9Hhw4JdK4L7WueIiZ4tXEobImPqBz2sVcV0+Mu3GRB30IGang=="
		},
		"untildify": {
			"version": "4.0.0",
			"resolved": "https://registry.npmjs.org/untildify/-/untildify-4.0.0.tgz",
			"integrity": "sha512-KK8xQ1mkzZeg9inewmFVDNkg3l5LUhoq9kN6iWYB/CC9YMG8HA+c1Q8HwDe6dEX7kErrEVNVBO3fWsVq5iDgtw=="
		},
		"uuid": {
			"version": "8.3.2",
			"resolved": "https://registry.npmjs.org/uuid/-/uuid-8.3.2.tgz",
			"integrity": "sha512-+NYs2QeMWy+GWFOEm9xnn6HCDp0l7QBD7ml8zLUmJ+93Q5NF0NocErnwkTkXVFNiX3/fpC6afS8Dhb/gz7R7eg=="
		}
	}
}
